
Microsoft Visual Studio Solution File, Format Version 12.00
# Visual Studio 2012
Project("{FAE04EC0-301F-11D3-BF4B-00C04F79EFBC}") = "TestDN", "TestDN\TestDN.csproj", "{135BC619-D401-46F9-AB70-E3FD5768A8B0}"
EndProject
Global
	GlobalSection(SolutionConfigurationPlatforms) = preSolution
		Debug|x86 = Debug|x86
		Release|x86 = Release|x86
	EndGlobalSection
	GlobalSection(ProjectConfigurationPlatforms) = postSolution
		{135BC619-D401-46F9-AB70-E3FD5768A8B0}.Debug|x86.ActiveCfg = Debug|x86
		{135BC619-D401-46F9-AB70-E3FD5768A8B0}.Debug|x86.Build.0 = Debug|x86
		{135BC619-D401-46F9-AB70-E3FD5768A8B0}.Release|x86.ActiveCfg = Release|x86
		{135BC619-D401-46F9-AB70-E3FD5768A8B0}.Release|x86.Build.0 = Release|x86
	EndGlobalSection
EndGlobal
